
Microsoft Visual Studio Solution File, Format Version 12.00
# Visual Studio Version 17
VisualStudioVersion = 17.12.35521.163 d17.12
MinimumVisualStudioVersion = 10.0.40219.1
Project("{FAE04EC0-301F-11D3-BF4B-00C04F79EFBC}") = "TigaIpc", "TigaIpc\TigaIpc.csproj", "{37B28DBA-1AF0-4EB0-8FF5-D2398E0AC9A2}"
EndProject
Project("{FAE04EC0-301F-11D3-BF4B-00C04F79EFBC}") = "TigaIpc.Server", "TigaIpc.Server\TigaIpc.Server.csproj", "{A49083F4-3CA7-4D73-B4BD-F3432EEFB002}"
EndProject
Project("{FAE04EC0-301F-11D3-BF4B-00C04F79EFBC}") = "TigaIpc.Client", "TigaIpc.Client\TigaIpc.Client.csproj", "{DE9DB35D-2404-44B0-8D2A-D999B35D79F1}"
EndProject
Project("{FAE04EC0-301F-11D3-BF4B-00C04F79EFBC}") = "TigaIpc.Tests", "TigaIpc.Tests\TigaIpc.Tests.csproj", "{13EAA2E8-3400-43D7-B8AE-CB83CBBB0B0B}"
EndProject
Project("{FAE04EC0-301F-11D3-BF4B-00C04F79EFBC}") = "TigaIpc.Benchmarks", "TigaIpc.Benchmarks\TigaIpc.Benchmarks.csproj", "{3B882D88-3E7B-4649-8E79-A5D9C674CD13}"
EndProject
Project("{FAE04EC0-301F-11D3-BF4B-00C04F79EFBC}") = "TigaIpc.TestHost", "TigaIpc.TestHost\TigaIpc.TestHost.csproj", "{1C24BE4D-AD0F-4D3C-90ED-4FE1A904458D}"
EndProject
Global
	GlobalSection(SolutionConfigurationPlatforms) = preSolution
		Debug|Any CPU = Debug|Any CPU
		Release|Any CPU = Release|Any CPU
	EndGlobalSection
	GlobalSection(ProjectConfigurationPlatforms) = postSolution
		{37B28DBA-1AF0-4EB0-8FF5-D2398E0AC9A2}.Debug|Any CPU.ActiveCfg = Debug|Any CPU
		{37B28DBA-1AF0-4EB0-8FF5-D2398E0AC9A2}.Debug|Any CPU.Build.0 = Debug|Any CPU
		{37B28DBA-1AF0-4EB0-8FF5-D2398E0AC9A2}.Release|Any CPU.ActiveCfg = Release|Any CPU
		{37B28DBA-1AF0-4EB0-8FF5-D2398E0AC9A2}.Release|Any CPU.Build.0 = Release|Any CPU
		{A49083F4-3CA7-4D73-B4BD-F3432EEFB002}.Debug|Any CPU.ActiveCfg = Debug|Any CPU
		{A49083F4-3CA7-4D73-B4BD-F3432EEFB002}.Debug|Any CPU.Build.0 = Debug|Any CPU
		{A49083F4-3CA7-4D73-B4BD-F3432EEFB002}.Release|Any CPU.ActiveCfg = Release|Any CPU
		{A49083F4-3CA7-4D73-B4BD-F3432EEFB002}.Release|Any CPU.Build.0 = Release|Any CPU
		{DE9DB35D-2404-44B0-8D2A-D999B35D79F1}.Debug|Any CPU.ActiveCfg = Debug|Any CPU
		{DE9DB35D-2404-44B0-8D2A-D999B35D79F1}.Debug|Any CPU.Build.0 = Debug|Any CPU
		{DE9DB35D-2404-44B0-8D2A-D999B35D79F1}.Release|Any CPU.ActiveCfg = Release|Any CPU
		{DE9DB35D-2404-44B0-8D2A-D999B35D79F1}.Release|Any CPU.Build.0 = Release|Any CPU
		{13EAA2E8-3400-43D7-B8AE-CB83CBBB0B0B}.Debug|Any CPU.ActiveCfg = Debug|Any CPU
		{13EAA2E8-3400-43D7-B8AE-CB83CBBB0B0B}.Debug|Any CPU.Build.0 = Debug|Any CPU
		{13EAA2E8-3400-43D7-B8AE-CB83CBBB0B0B}.Release|Any CPU.ActiveCfg = Release|Any CPU
		{13EAA2E8-3400-43D7-B8AE-CB83CBBB0B0B}.Release|Any CPU.Build.0 = Release|Any CPU
		{3B882D88-3E7B-4649-8E79-A5D9C674CD13}.Debug|Any CPU.ActiveCfg = Debug|Any CPU
		{3B882D88-3E7B-4649-8E79-A5D9C674CD13}.Debug|Any CPU.Build.0 = Debug|Any CPU
		{3B882D88-3E7B-4649-8E79-A5D9C674CD13}.Release|Any CPU.ActiveCfg = Release|Any CPU
		{3B882D88-3E7B-4649-8E79-A5D9C674CD13}.Release|Any CPU.Build.0 = Release|Any CPU
		{1C24BE4D-AD0F-4D3C-90ED-4FE1A904458D}.Debug|Any CPU.ActiveCfg = Debug|Any CPU
		{1C24BE4D-AD0F-4D3C-90ED-4FE1A904458D}.Debug|Any CPU.Build.0 = Debug|Any CPU
		{1C24BE4D-AD0F-4D3C-90ED-4FE1A904458D}.Release|Any CPU.ActiveCfg = Release|Any CPU
		{1C24BE4D-AD0F-4D3C-90ED-4FE1A904458D}.Release|Any CPU.Build.0 = Release|Any CPU
	EndGlobalSection
	GlobalSection(SolutionProperties) = preSolution
		HideSolutionNode = FALSE
	EndGlobalSection
EndGlobal
